
Microsoft Visual Studio Solution File, Format Version 12.00
# Visual Studio Version 17
VisualStudioVersion = 17.1.32210.238
MinimumVisualStudioVersion = 10.0.40219.1
Project("{FAE04EC0-301F-11D3-BF4B-00C04F79EFBC}") = "Assignment2", "Assignment2\Assignment2.csproj", "{AF3392F3-8A23-4E42-85A0-483CD7068A41}"
EndProject
Global
	GlobalSection(SolutionConfigurationPlatforms) = preSolution
		Debug|Any CPU = Debug|Any CPU
		Release|Any CPU = Release|Any CPU
	EndGlobalSection
	GlobalSection(ProjectConfigurationPlatforms) = postSolution
		{AF3392F3-8A23-4E42-85A0-483CD7068A41}.Debug|Any CPU.ActiveCfg = Debug|Any CPU
		{AF3392F3-8A23-4E42-85A0-483CD7068A41}.Debug|Any CPU.Build.0 = Debug|Any CPU
		{AF3392F3-8A23-4E42-85A0-483CD7068A41}.Release|Any CPU.ActiveCfg = Release|Any CPU
		{AF3392F3-8A23-4E42-85A0-483CD7068A41}.Release|Any CPU.Build.0 = Release|Any CPU
	EndGlobalSection
	GlobalSection(SolutionProperties) = preSolution
		HideSolutionNode = FALSE
	EndGlobalSection
	GlobalSection(ExtensibilityGlobals) = postSolution
		SolutionGuid = {6D42C21A-0DFF-492F-97AD-E3EE55BD7751}
	EndGlobalSection
EndGlobal
